// !$*UTF8*$!
{
	archiveVersion = 1;
	classes = {
	};
	objectVersion = 50;
	objects = {

/* Begin PBXBuildFile section */
		E04E5FFA24A2991400090C71 /* Tests_iOS.swift in Sources */ = {isa = PBXBuildFile; fileRef = E04E5FF924A2991400090C71 /* Tests_iOS.swift */; };
		E04E600524A2991400090C71 /* Tests_macOS.swift in Sources */ = {isa = PBXBuildFile; fileRef = E04E600424A2991400090C71 /* Tests_macOS.swift */; };
		E04E600724A2991400090C71 /* TaskTrackerApp.swift in Sources */ = {isa = PBXBuildFile; fileRef = E04E5FDE24A2991100090C71 /* TaskTrackerApp.swift */; };
		E04E600824A2991400090C71 /* TaskTrackerApp.swift in Sources */ = {isa = PBXBuildFile; fileRef = E04E5FDE24A2991100090C71 /* TaskTrackerApp.swift */; };
		E04E600924A2991400090C71 /* TaskListView.swift in Sources */ = {isa = PBXBuildFile; fileRef = E04E5FDF24A2991100090C71 /* TaskListView.swift */; };
		E04E600A24A2991400090C71 /* TaskListView.swift in Sources */ = {isa = PBXBuildFile; fileRef = E04E5FDF24A2991100090C71 /* TaskListView.swift */; };
		E04E600B24A2991400090C71 /* Assets.xcassets in Resources */ = {isa = PBXBuildFile; fileRef = E04E5FE024A2991400090C71 /* Assets.xcassets */; };
		E04E600C24A2991400090C71 /* Assets.xcassets in Resources */ = {isa = PBXBuildFile; fileRef = E04E5FE024A2991400090C71 /* Assets.xcassets */; };
		E04E601C24A2A89B00090C71 /* Task.swift in Sources */ = {isa = PBXBuildFile; fileRef = E04E601B24A2A89B00090C71 /* Task.swift */; };
		E04E601D24A2A89B00090C71 /* Task.swift in Sources */ = {isa = PBXBuildFile; fileRef = E04E601B24A2A89B00090C71 /* Task.swift */; };
		E06F9FE424A8C4870019CED4 /* WidgetKit.framework in Frameworks */ = {isa = PBXBuildFile; fileRef = E06F9FE324A8C4870019CED4 /* WidgetKit.framework */; };
		E06F9FE624A8C4870019CED4 /* SwiftUI.framework in Frameworks */ = {isa = PBXBuildFile; fileRef = E06F9FE524A8C4870019CED4 /* SwiftUI.framework */; };
		E06F9FE924A8C4870019CED4 /* TaskTrackerWidget.swift in Sources */ = {isa = PBXBuildFile; fileRef = E06F9FE824A8C4870019CED4 /* TaskTrackerWidget.swift */; };
		E06F9FEB24A8C4880019CED4 /* Assets.xcassets in Resources */ = {isa = PBXBuildFile; fileRef = E06F9FEA24A8C4880019CED4 /* Assets.xcassets */; };
		E06F9FEF24A8C4880019CED4 /* TaskTrackerWidgetExtension.appex in Embed App Extensions */ = {isa = PBXBuildFile; fileRef = E06F9FE124A8C4870019CED4 /* TaskTrackerWidgetExtension.appex */; settings = {ATTRIBUTES = (RemoveHeadersOnCopy, ); }; };
		E06F9FF524A8C6B50019CED4 /* TaskWidgetView.swift in Sources */ = {isa = PBXBuildFile; fileRef = E06F9FF424A8C6B50019CED4 /* TaskWidgetView.swift */; };
		E06F9FF624A8C8700019CED4 /* ActiveTime.swift in Sources */ = {isa = PBXBuildFile; fileRef = E07E37A124A7C5ED00C1DE8E /* ActiveTime.swift */; };
		E06F9FF724A8C8700019CED4 /* Task.swift in Sources */ = {isa = PBXBuildFile; fileRef = E04E601B24A2A89B00090C71 /* Task.swift */; };
		E06F9FF824A8C8CC0019CED4 /* TaskColor+SwiftUIColor.swift in Sources */ = {isa = PBXBuildFile; fileRef = E07E37A724A7F9AF00C1DE8E /* TaskColor+SwiftUIColor.swift */; };
		E06F9FF924A8CA1C0019CED4 /* ToggleTaskButton.swift in Sources */ = {isa = PBXBuildFile; fileRef = E0B467FD24A7AE94001A300E /* ToggleTaskButton.swift */; };
		E07E37A224A7C5ED00C1DE8E /* ActiveTime.swift in Sources */ = {isa = PBXBuildFile; fileRef = E07E37A124A7C5ED00C1DE8E /* ActiveTime.swift */; };
		E07E37A324A7C5ED00C1DE8E /* ActiveTime.swift in Sources */ = {isa = PBXBuildFile; fileRef = E07E37A124A7C5ED00C1DE8E /* ActiveTime.swift */; };
		E07E37A524A7DEF700C1DE8E /* ColorPickerView.swift in Sources */ = {isa = PBXBuildFile; fileRef = E07E37A424A7DEF700C1DE8E /* ColorPickerView.swift */; };
		E07E37A624A7DEF700C1DE8E /* ColorPickerView.swift in Sources */ = {isa = PBXBuildFile; fileRef = E07E37A424A7DEF700C1DE8E /* ColorPickerView.swift */; };
		E07E37A824A7F9AF00C1DE8E /* TaskColor+SwiftUIColor.swift in Sources */ = {isa = PBXBuildFile; fileRef = E07E37A724A7F9AF00C1DE8E /* TaskColor+SwiftUIColor.swift */; };
		E07E37A924A7F9AF00C1DE8E /* TaskColor+SwiftUIColor.swift in Sources */ = {isa = PBXBuildFile; fileRef = E07E37A724A7F9AF00C1DE8E /* TaskColor+SwiftUIColor.swift */; };
		E07E37AB24A8090400C1DE8E /* TaskTimer.swift in Sources */ = {isa = PBXBuildFile; fileRef = E07E37AA24A8090400C1DE8E /* TaskTimer.swift */; };
		E07E37AC24A8090400C1DE8E /* TaskTimer.swift in Sources */ = {isa = PBXBuildFile; fileRef = E07E37AA24A8090400C1DE8E /* TaskTimer.swift */; };
		E097077924A2B47800E21664 /* TaskStore.swift in Sources */ = {isa = PBXBuildFile; fileRef = E097077824A2B47800E21664 /* TaskStore.swift */; };
		E097077A24A2B47800E21664 /* TaskStore.swift in Sources */ = {isa = PBXBuildFile; fileRef = E097077824A2B47800E21664 /* TaskStore.swift */; };
		E0B467FE24A7AE94001A300E /* ToggleTaskButton.swift in Sources */ = {isa = PBXBuildFile; fileRef = E0B467FD24A7AE94001A300E /* ToggleTaskButton.swift */; };
		E0B467FF24A7AE94001A300E /* ToggleTaskButton.swift in Sources */ = {isa = PBXBuildFile; fileRef = E0B467FD24A7AE94001A300E /* ToggleTaskButton.swift */; };
		E0B4680124A7B07A001A300E /* TaskRow.swift in Sources */ = {isa = PBXBuildFile; fileRef = E0B4680024A7B07A001A300E /* TaskRow.swift */; };
		E0B4680224A7B07A001A300E /* TaskRow.swift in Sources */ = {isa = PBXBuildFile; fileRef = E0B4680024A7B07A001A300E /* TaskRow.swift */; };
		E0B4680424A7B681001A300E /* AddTaskView.swift in Sources */ = {isa = PBXBuildFile; fileRef = E0B4680324A7B681001A300E /* AddTaskView.swift */; };
		E0B4680524A7B681001A300E /* AddTaskView.swift in Sources */ = {isa = PBXBuildFile; fileRef = E0B4680324A7B681001A300E /* AddTaskView.swift */; };
/* End PBXBuildFile section */

/* Begin PBXContainerItemProxy section */
		E04E5FF624A2991400090C71 /* PBXContainerItemProxy */ = {
			isa = PBXContainerItemProxy;
			containerPortal = E04E5FD924A2991100090C71 /* Project object */;
			proxyType = 1;
			remoteGlobalIDString = E04E5FE424A2991400090C71;
			remoteInfo = iOS;
		};
		E04E600124A2991400090C71 /* PBXContainerItemProxy */ = {
			isa = PBXContainerItemProxy;
			containerPortal = E04E5FD924A2991100090C71 /* Project object */;
			proxyType = 1;
			remoteGlobalIDString = E04E5FEC24A2991400090C71;
			remoteInfo = macOS;
		};
		E06F9FED24A8C4880019CED4 /* PBXContainerItemProxy */ = {
			isa = PBXContainerItemProxy;
			containerPortal = E04E5FD924A2991100090C71 /* Project object */;
			proxyType = 1;
			remoteGlobalIDString = E06F9FE024A8C4870019CED4;
			remoteInfo = TaskTrackerWidgetExtension;
		};
/* End PBXContainerItemProxy section */

/* Begin PBXCopyFilesBuildPhase section */
		E06F9FF324A8C4880019CED4 /* Embed App Extensions */ = {
			isa = PBXCopyFilesBuildPhase;
			buildActionMask = 2147483647;
			dstPath = "";
			dstSubfolderSpec = 13;
			files = (
				E06F9FEF24A8C4880019CED4 /* TaskTrackerWidgetExtension.appex in Embed App Extensions */,
			);
			name = "Embed App Extensions";
			runOnlyForDeploymentPostprocessing = 0;
		};
/* End PBXCopyFilesBuildPhase section */

/* Begin PBXFileReference section */
		E04E5FDE24A2991100090C71 /* TaskTrackerApp.swift */ = {isa = PBXFileReference; lastKnownFileType = sourcecode.swift; path = TaskTrackerApp.swift; sourceTree = "<group>"; };
		E04E5FDF24A2991100090C71 /* TaskListView.swift */ = {isa = PBXFileReference; lastKnownFileType = sourcecode.swift; path = TaskListView.swift; sourceTree = "<group>"; };
		E04E5FE024A2991400090C71 /* Assets.xcassets */ = {isa = PBXFileReference; lastKnownFileType = folder.assetcatalog; path = Assets.xcassets; sourceTree = "<group>"; };
		E04E5FE524A2991400090C71 /* Task Tracker.app */ = {isa = PBXFileReference; explicitFileType = wrapper.application; includeInIndex = 0; path = "Task Tracker.app"; sourceTree = BUILT_PRODUCTS_DIR; };
		E04E5FE824A2991400090C71 /* Info.plist */ = {isa = PBXFileReference; lastKnownFileType = text.plist.xml; path = Info.plist; sourceTree = "<group>"; };
		E04E5FED24A2991400090C71 /* Task Tracker.app */ = {isa = PBXFileReference; explicitFileType = wrapper.application; includeInIndex = 0; path = "Task Tracker.app"; sourceTree = BUILT_PRODUCTS_DIR; };
		E04E5FEF24A2991400090C71 /* Info.plist */ = {isa = PBXFileReference; lastKnownFileType = text.plist.xml; path = Info.plist; sourceTree = "<group>"; };
		E04E5FF024A2991400090C71 /* macOS.entitlements */ = {isa = PBXFileReference; lastKnownFileType = text.plist.entitlements; path = macOS.entitlements; sourceTree = "<group>"; };
		E04E5FF524A2991400090C71 /* Tests iOS.xctest */ = {isa = PBXFileReference; explicitFileType = wrapper.cfbundle; includeInIndex = 0; path = "Tests iOS.xctest"; sourceTree = BUILT_PRODUCTS_DIR; };
		E04E5FF924A2991400090C71 /* Tests_iOS.swift */ = {isa = PBXFileReference; lastKnownFileType = sourcecode.swift; path = Tests_iOS.swift; sourceTree = "<group>"; };
		E04E5FFB24A2991400090C71 /* Info.plist */ = {isa = PBXFileReference; lastKnownFileType = text.plist.xml; path = Info.plist; sourceTree = "<group>"; };
		E04E600024A2991400090C71 /* Tests macOS.xctest */ = {isa = PBXFileReference; explicitFileType = wrapper.cfbundle; includeInIndex = 0; path = "Tests macOS.xctest"; sourceTree = BUILT_PRODUCTS_DIR; };
		E04E600424A2991400090C71 /* Tests_macOS.swift */ = {isa = PBXFileReference; lastKnownFileType = sourcecode.swift; path = Tests_macOS.swift; sourceTree = "<group>"; };
		E04E600624A2991400090C71 /* Info.plist */ = {isa = PBXFileReference; lastKnownFileType = text.plist.xml; path = Info.plist; sourceTree = "<group>"; };
		E04E601B24A2A89B00090C71 /* Task.swift */ = {isa = PBXFileReference; lastKnownFileType = sourcecode.swift; path = Task.swift; sourceTree = "<group>"; };
		E06F9FE124A8C4870019CED4 /* TaskTrackerWidgetExtension.appex */ = {isa = PBXFileReference; explicitFileType = "wrapper.app-extension"; includeInIndex = 0; path = TaskTrackerWidgetExtension.appex; sourceTree = BUILT_PRODUCTS_DIR; };
		E06F9FE324A8C4870019CED4 /* WidgetKit.framework */ = {isa = PBXFileReference; lastKnownFileType = wrapper.framework; name = WidgetKit.framework; path = System/Library/Frameworks/WidgetKit.framework; sourceTree = SDKROOT; };
		E06F9FE524A8C4870019CED4 /* SwiftUI.framework */ = {isa = PBXFileReference; lastKnownFileType = wrapper.framework; name = SwiftUI.framework; path = System/Library/Frameworks/SwiftUI.framework; sourceTree = SDKROOT; };
		E06F9FE824A8C4870019CED4 /* TaskTrackerWidget.swift */ = {isa = PBXFileReference; lastKnownFileType = sourcecode.swift; path = TaskTrackerWidget.swift; sourceTree = "<group>"; };
		E06F9FEA24A8C4880019CED4 /* Assets.xcassets */ = {isa = PBXFileReference; lastKnownFileType = folder.assetcatalog; path = Assets.xcassets; sourceTree = "<group>"; };
		E06F9FEC24A8C4880019CED4 /* Info.plist */ = {isa = PBXFileReference; lastKnownFileType = text.plist.xml; path = Info.plist; sourceTree = "<group>"; };
		E06F9FF424A8C6B50019CED4 /* TaskWidgetView.swift */ = {isa = PBXFileReference; lastKnownFileType = sourcecode.swift; path = TaskWidgetView.swift; sourceTree = "<group>"; };
		E07E37A124A7C5ED00C1DE8E /* ActiveTime.swift */ = {isa = PBXFileReference; lastKnownFileType = sourcecode.swift; path = ActiveTime.swift; sourceTree = "<group>"; };
		E07E37A424A7DEF700C1DE8E /* ColorPickerView.swift */ = {isa = PBXFileReference; lastKnownFileType = sourcecode.swift; path = ColorPickerView.swift; sourceTree = "<group>"; };
		E07E37A724A7F9AF00C1DE8E /* TaskColor+SwiftUIColor.swift */ = {isa = PBXFileReference; lastKnownFileType = sourcecode.swift; path = "TaskColor+SwiftUIColor.swift"; sourceTree = "<group>"; };
		E07E37AA24A8090400C1DE8E /* TaskTimer.swift */ = {isa = PBXFileReference; lastKnownFileType = sourcecode.swift; path = TaskTimer.swift; sourceTree = "<group>"; };
		E097077824A2B47800E21664 /* TaskStore.swift */ = {isa = PBXFileReference; lastKnownFileType = sourcecode.swift; path = TaskStore.swift; sourceTree = "<group>"; };
		E0B467FD24A7AE94001A300E /* ToggleTaskButton.swift */ = {isa = PBXFileReference; lastKnownFileType = sourcecode.swift; path = ToggleTaskButton.swift; sourceTree = "<group>"; };
		E0B4680024A7B07A001A300E /* TaskRow.swift */ = {isa = PBXFileReference; lastKnownFileType = sourcecode.swift; path = TaskRow.swift; sourceTree = "<group>"; };
		E0B4680324A7B681001A300E /* AddTaskView.swift */ = {isa = PBXFileReference; lastKnownFileType = sourcecode.swift; path = AddTaskView.swift; sourceTree = "<group>"; };
/* End PBXFileReference section */

/* Begin PBXFrameworksBuildPhase section */
		E04E5FE224A2991400090C71 /* Frameworks */ = {
			isa = PBXFrameworksBuildPhase;
			buildActionMask = 2147483647;
			files = (
			);
			runOnlyForDeploymentPostprocessing = 0;
		};
		E04E5FEA24A2991400090C71 /* Frameworks */ = {
			isa = PBXFrameworksBuildPhase;
			buildActionMask = 2147483647;
			files = (
			);
			runOnlyForDeploymentPostprocessing = 0;
		};
		E04E5FF224A2991400090C71 /* Frameworks */ = {
			isa = PBXFrameworksBuildPhase;
			buildActionMask = 2147483647;
			files = (
			);
			runOnlyForDeploymentPostprocessing = 0;
		};
		E04E5FFD24A2991400090C71 /* Frameworks */ = {
			isa = PBXFrameworksBuildPhase;
			buildActionMask = 2147483647;
			files = (
			);
			runOnlyForDeploymentPostprocessing = 0;
		};
		E06F9FDE24A8C4870019CED4 /* Frameworks */ = {
			isa = PBXFrameworksBuildPhase;
			buildActionMask = 2147483647;
			files = (
				E06F9FE624A8C4870019CED4 /* SwiftUI.framework in Frameworks */,
				E06F9FE424A8C4870019CED4 /* WidgetKit.framework in Frameworks */,
			);
			runOnlyForDeploymentPostprocessing = 0;
		};
/* End PBXFrameworksBuildPhase section */

/* Begin PBXGroup section */
		E003A8E024A7A6CA0029184C /* Model */ = {
			isa = PBXGroup;
			children = (
				E07E37A124A7C5ED00C1DE8E /* ActiveTime.swift */,
				E04E601B24A2A89B00090C71 /* Task.swift */,
				E097077824A2B47800E21664 /* TaskStore.swift */,
				E07E37AA24A8090400C1DE8E /* TaskTimer.swift */,
			);
			path = Model;
			sourceTree = "<group>";
		};
		E04E5FD824A2991100090C71 = {
			isa = PBXGroup;
			children = (
				E04E5FDD24A2991100090C71 /* Shared */,
				E04E5FE724A2991400090C71 /* iOS */,
				E04E5FEE24A2991400090C71 /* macOS */,
				E04E5FF824A2991400090C71 /* Tests iOS */,
				E04E600324A2991400090C71 /* Tests macOS */,
				E06F9FE724A8C4870019CED4 /* TaskTrackerWidget */,
				E06F9FE224A8C4870019CED4 /* Frameworks */,
				E04E5FE624A2991400090C71 /* Products */,
			);
			sourceTree = "<group>";
		};
		E04E5FDD24A2991100090C71 /* Shared */ = {
			isa = PBXGroup;
			children = (
				E003A8E024A7A6CA0029184C /* Model */,
				E0B4680624A7C208001A300E /* Views */,
				E04E5FDE24A2991100090C71 /* TaskTrackerApp.swift */,
				E04E5FE024A2991400090C71 /* Assets.xcassets */,
			);
			path = Shared;
			sourceTree = "<group>";
		};
		E04E5FE624A2991400090C71 /* Products */ = {
			isa = PBXGroup;
			children = (
				E04E5FE524A2991400090C71 /* Task Tracker.app */,
				E04E5FED24A2991400090C71 /* Task Tracker.app */,
				E04E5FF524A2991400090C71 /* Tests iOS.xctest */,
				E04E600024A2991400090C71 /* Tests macOS.xctest */,
				E06F9FE124A8C4870019CED4 /* TaskTrackerWidgetExtension.appex */,
			);
			name = Products;
			sourceTree = "<group>";
		};
		E04E5FE724A2991400090C71 /* iOS */ = {
			isa = PBXGroup;
			children = (
				E04E5FE824A2991400090C71 /* Info.plist */,
			);
			path = iOS;
			sourceTree = "<group>";
		};
		E04E5FEE24A2991400090C71 /* macOS */ = {
			isa = PBXGroup;
			children = (
				E04E5FEF24A2991400090C71 /* Info.plist */,
				E04E5FF024A2991400090C71 /* macOS.entitlements */,
			);
			path = macOS;
			sourceTree = "<group>";
		};
		E04E5FF824A2991400090C71 /* Tests iOS */ = {
			isa = PBXGroup;
			children = (
				E04E5FF924A2991400090C71 /* Tests_iOS.swift */,
				E04E5FFB24A2991400090C71 /* Info.plist */,
			);
			path = "Tests iOS";
			sourceTree = "<group>";
		};
		E04E600324A2991400090C71 /* Tests macOS */ = {
			isa = PBXGroup;
			children = (
				E04E600424A2991400090C71 /* Tests_macOS.swift */,
				E04E600624A2991400090C71 /* Info.plist */,
			);
			path = "Tests macOS";
			sourceTree = "<group>";
		};
		E06F9FE224A8C4870019CED4 /* Frameworks */ = {
			isa = PBXGroup;
			children = (
				E06F9FE324A8C4870019CED4 /* WidgetKit.framework */,
				E06F9FE524A8C4870019CED4 /* SwiftUI.framework */,
			);
			name = Frameworks;
			sourceTree = "<group>";
		};
		E06F9FE724A8C4870019CED4 /* TaskTrackerWidget */ = {
			isa = PBXGroup;
			children = (
				E06F9FE824A8C4870019CED4 /* TaskTrackerWidget.swift */,
				E06F9FF424A8C6B50019CED4 /* TaskWidgetView.swift */,
				E06F9FEA24A8C4880019CED4 /* Assets.xcassets */,
				E06F9FEC24A8C4880019CED4 /* Info.plist */,
			);
			path = TaskTrackerWidget;
			sourceTree = "<group>";
		};
		E0B4680624A7C208001A300E /* Views */ = {
			isa = PBXGroup;
			children = (
				E0B4680324A7B681001A300E /* AddTaskView.swift */,
				E07E37A424A7DEF700C1DE8E /* ColorPickerView.swift */,
				E07E37A724A7F9AF00C1DE8E /* TaskColor+SwiftUIColor.swift */,
				E04E5FDF24A2991100090C71 /* TaskListView.swift */,
				E0B4680024A7B07A001A300E /* TaskRow.swift */,
				E0B467FD24A7AE94001A300E /* ToggleTaskButton.swift */,
			);
			path = Views;
			sourceTree = "<group>";
		};
/* End PBXGroup section */

/* Begin PBXNativeTarget section */
		E04E5FE424A2991400090C71 /* iOS */ = {
			isa = PBXNativeTarget;
			buildConfigurationList = E04E600F24A2991400090C71 /* Build configuration list for PBXNativeTarget "iOS" */;
			buildPhases = (
				E04E5FE124A2991400090C71 /* Sources */,
				E04E5FE224A2991400090C71 /* Frameworks */,
				E04E5FE324A2991400090C71 /* Resources */,
				E06F9FF324A8C4880019CED4 /* Embed App Extensions */,
			);
			buildRules = (
			);
			dependencies = (
				E06F9FEE24A8C4880019CED4 /* PBXTargetDependency */,
			);
			name = iOS;
			productName = iOS;
			productReference = E04E5FE524A2991400090C71 /* Task Tracker.app */;
			productType = "com.apple.product-type.application";
		};
		E04E5FEC24A2991400090C71 /* macOS */ = {
			isa = PBXNativeTarget;
			buildConfigurationList = E04E601224A2991400090C71 /* Build configuration list for PBXNativeTarget "macOS" */;
			buildPhases = (
				E04E5FE924A2991400090C71 /* Sources */,
				E04E5FEA24A2991400090C71 /* Frameworks */,
				E04E5FEB24A2991400090C71 /* Resources */,
			);
			buildRules = (
			);
			dependencies = (
			);
			name = macOS;
			productName = macOS;
			productReference = E04E5FED24A2991400090C71 /* Task Tracker.app */;
			productType = "com.apple.product-type.application";
		};
		E04E5FF424A2991400090C71 /* Tests iOS */ = {
			isa = PBXNativeTarget;
			buildConfigurationList = E04E601524A2991400090C71 /* Build configuration list for PBXNativeTarget "Tests iOS" */;
			buildPhases = (
				E04E5FF124A2991400090C71 /* Sources */,
				E04E5FF224A2991400090C71 /* Frameworks */,
				E04E5FF324A2991400090C71 /* Resources */,
			);
			buildRules = (
			);
			dependencies = (
				E04E5FF724A2991400090C71 /* PBXTargetDependency */,
			);
			name = "Tests iOS";
			productName = "Tests iOS";
			productReference = E04E5FF524A2991400090C71 /* Tests iOS.xctest */;
			productType = "com.apple.product-type.bundle.ui-testing";
		};
		E04E5FFF24A2991400090C71 /* Tests macOS */ = {
			isa = PBXNativeTarget;
			buildConfigurationList = E04E601824A2991400090C71 /* Build configuration list for PBXNativeTarget "Tests macOS" */;
			buildPhases = (
				E04E5FFC24A2991400090C71 /* Sources */,
				E04E5FFD24A2991400090C71 /* Frameworks */,
				E04E5FFE24A2991400090C71 /* Resources */,
			);
			buildRules = (
			);
			dependencies = (
				E04E600224A2991400090C71 /* PBXTargetDependency */,
			);
			name = "Tests macOS";
			productName = "Tests macOS";
			productReference = E04E600024A2991400090C71 /* Tests macOS.xctest */;
			productType = "com.apple.product-type.bundle.ui-testing";
		};
		E06F9FE024A8C4870019CED4 /* TaskTrackerWidgetExtension */ = {
			isa = PBXNativeTarget;
			buildConfigurationList = E06F9FF024A8C4880019CED4 /* Build configuration list for PBXNativeTarget "TaskTrackerWidgetExtension" */;
			buildPhases = (
				E06F9FDD24A8C4870019CED4 /* Sources */,
				E06F9FDE24A8C4870019CED4 /* Frameworks */,
				E06F9FDF24A8C4870019CED4 /* Resources */,
			);
			buildRules = (
			);
			dependencies = (
			);
			name = TaskTrackerWidgetExtension;
			productName = TaskTrackerWidgetExtension;
			productReference = E06F9FE124A8C4870019CED4 /* TaskTrackerWidgetExtension.appex */;
			productType = "com.apple.product-type.app-extension";
		};
/* End PBXNativeTarget section */

/* Begin PBXProject section */
		E04E5FD924A2991100090C71 /* Project object */ = {
			isa = PBXProject;
			attributes = {
				LastSwiftUpdateCheck = 1200;
				LastUpgradeCheck = 1200;
				TargetAttributes = {
					E04E5FE424A2991400090C71 = {
						CreatedOnToolsVersion = 12.0;
					};
					E04E5FEC24A2991400090C71 = {
						CreatedOnToolsVersion = 12.0;
					};
					E04E5FF424A2991400090C71 = {
						CreatedOnToolsVersion = 12.0;
						TestTargetID = E04E5FE424A2991400090C71;
					};
					E04E5FFF24A2991400090C71 = {
						CreatedOnToolsVersion = 12.0;
						TestTargetID = E04E5FEC24A2991400090C71;
					};
					E06F9FE024A8C4870019CED4 = {
						CreatedOnToolsVersion = 12.0;
					};
				};
			};
			buildConfigurationList = E04E5FDC24A2991100090C71 /* Build configuration list for PBXProject "Task Tracker" */;
			compatibilityVersion = "Xcode 9.3";
			developmentRegion = en;
			hasScannedForEncodings = 0;
			knownRegions = (
				en,
				Base,
			);
			mainGroup = E04E5FD824A2991100090C71;
			productRefGroup = E04E5FE624A2991400090C71 /* Products */;
			projectDirPath = "";
			projectRoot = "";
			targets = (
				E04E5FE424A2991400090C71 /* iOS */,
				E04E5FEC24A2991400090C71 /* macOS */,
				E04E5FF424A2991400090C71 /* Tests iOS */,
				E04E5FFF24A2991400090C71 /* Tests macOS */,
				E06F9FE024A8C4870019CED4 /* TaskTrackerWidgetExtension */,
			);
		};
/* End PBXProject section */

/* Begin PBXResourcesBuildPhase section */
		E04E5FE324A2991400090C71 /* Resources */ = {
			isa = PBXResourcesBuildPhase;
			buildActionMask = 2147483647;
			files = (
				E04E600B24A2991400090C71 /* Assets.xcassets in Resources */,
			);
			runOnlyForDeploymentPostprocessing = 0;
		};
		E04E5FEB24A2991400090C71 /* Resources */ = {
			isa = PBXResourcesBuildPhase;
			buildActionMask = 2147483647;
			files = (
				E04E600C24A2991400090C71 /* Assets.xcassets in Resources */,
			);
			runOnlyForDeploymentPostprocessing = 0;
		};
		E04E5FF324A2991400090C71 /* Resources */ = {
			isa = PBXResourcesBuildPhase;
			buildActionMask = 2147483647;
			files = (
			);
			runOnlyForDeploymentPostprocessing = 0;
		};
		E04E5FFE24A2991400090C71 /* Resources */ = {
			isa = PBXResourcesBuildPhase;
			buildActionMask = 2147483647;
			files = (
			);
			runOnlyForDeploymentPostprocessing = 0;
		};
		E06F9FDF24A8C4870019CED4 /* Resources */ = {
			isa = PBXResourcesBuildPhase;
			buildActionMask = 2147483647;
			files = (
				E06F9FEB24A8C4880019CED4 /* Assets.xcassets in Resources */,
			);
			runOnlyForDeploymentPostprocessing = 0;
		};
/* End PBXResourcesBuildPhase section */

/* Begin PBXSourcesBuildPhase section */
		E04E5FE124A2991400090C71 /* Sources */ = {
			isa = PBXSourcesBuildPhase;
			buildActionMask = 2147483647;
			files = (
				E0B467FE24A7AE94001A300E /* ToggleTaskButton.swift in Sources */,
				E07E37A824A7F9AF00C1DE8E /* TaskColor+SwiftUIColor.swift in Sources */,
				E04E600924A2991400090C71 /* TaskListView.swift in Sources */,
				E0B4680424A7B681001A300E /* AddTaskView.swift in Sources */,
				E04E601C24A2A89B00090C71 /* Task.swift in Sources */,
				E07E37AB24A8090400C1DE8E /* TaskTimer.swift in Sources */,
				E07E37A224A7C5ED00C1DE8E /* ActiveTime.swift in Sources */,
				E097077924A2B47800E21664 /* TaskStore.swift in Sources */,
				E07E37A524A7DEF700C1DE8E /* ColorPickerView.swift in Sources */,
				E0B4680124A7B07A001A300E /* TaskRow.swift in Sources */,
				E04E600724A2991400090C71 /* TaskTrackerApp.swift in Sources */,
			);
			runOnlyForDeploymentPostprocessing = 0;
		};
		E04E5FE924A2991400090C71 /* Sources */ = {
			isa = PBXSourcesBuildPhase;
			buildActionMask = 2147483647;
			files = (
				E0B467FF24A7AE94001A300E /* ToggleTaskButton.swift in Sources */,
				E07E37A924A7F9AF00C1DE8E /* TaskColor+SwiftUIColor.swift in Sources */,
				E04E600A24A2991400090C71 /* TaskListView.swift in Sources */,
				E0B4680524A7B681001A300E /* AddTaskView.swift in Sources */,
				E04E601D24A2A89B00090C71 /* Task.swift in Sources */,
				E07E37AC24A8090400C1DE8E /* TaskTimer.swift in Sources */,
				E07E37A324A7C5ED00C1DE8E /* ActiveTime.swift in Sources */,
				E097077A24A2B47800E21664 /* TaskStore.swift in Sources */,
				E07E37A624A7DEF700C1DE8E /* ColorPickerView.swift in Sources */,
				E0B4680224A7B07A001A300E /* TaskRow.swift in Sources */,
				E04E600824A2991400090C71 /* TaskTrackerApp.swift in Sources */,
			);
			runOnlyForDeploymentPostprocessing = 0;
		};
		E04E5FF124A2991400090C71 /* Sources */ = {
			isa = PBXSourcesBuildPhase;
			buildActionMask = 2147483647;
			files = (
				E04E5FFA24A2991400090C71 /* Tests_iOS.swift in Sources */,
			);
			runOnlyForDeploymentPostprocessing = 0;
		};
		E04E5FFC24A2991400090C71 /* Sources */ = {
			isa = PBXSourcesBuildPhase;
			buildActionMask = 2147483647;
			files = (
				E04E600524A2991400090C71 /* Tests_macOS.swift in Sources */,
			);
			runOnlyForDeploymentPostprocessing = 0;
		};
		E06F9FDD24A8C4870019CED4 /* Sources */ = {
			isa = PBXSourcesBuildPhase;
			buildActionMask = 2147483647;
			files = (
				E06F9FF724A8C8700019CED4 /* Task.swift in Sources */,
				E06F9FF824A8C8CC0019CED4 /* TaskColor+SwiftUIColor.swift in Sources */,
				E06F9FF924A8CA1C0019CED4 /* ToggleTaskButton.swift in Sources */,
				E06F9FE924A8C4870019CED4 /* TaskTrackerWidget.swift in Sources */,
				E06F9FF524A8C6B50019CED4 /* TaskWidgetView.swift in Sources */,
				E06F9FF624A8C8700019CED4 /* ActiveTime.swift in Sources */,
			);
			runOnlyForDeploymentPostprocessing = 0;
		};
/* End PBXSourcesBuildPhase section */

/* Begin PBXTargetDependency section */
		E04E5FF724A2991400090C71 /* PBXTargetDependency */ = {
			isa = PBXTargetDependency;
			target = E04E5FE424A2991400090C71 /* iOS */;
			targetProxy = E04E5FF624A2991400090C71 /* PBXContainerItemProxy */;
		};
		E04E600224A2991400090C71 /* PBXTargetDependency */ = {
			isa = PBXTargetDependency;
			target = E04E5FEC24A2991400090C71 /* macOS */;
			targetProxy = E04E600124A2991400090C71 /* PBXContainerItemProxy */;
		};
		E06F9FEE24A8C4880019CED4 /* PBXTargetDependency */ = {
			isa = PBXTargetDependency;
			target = E06F9FE024A8C4870019CED4 /* TaskTrackerWidgetExtension */;
			targetProxy = E06F9FED24A8C4880019CED4 /* PBXContainerItemProxy */;
		};
/* End PBXTargetDependency section */

/* Begin XCBuildConfiguration section */
		E04E600D24A2991400090C71 /* Debug */ = {
			isa = XCBuildConfiguration;
			buildSettings = {
				ALWAYS_SEARCH_USER_PATHS = NO;
				CLANG_ANALYZER_NONNULL = YES;
				CLANG_ANALYZER_NUMBER_OBJECT_CONVERSION = YES_AGGRESSIVE;
				CLANG_CXX_LANGUAGE_STANDARD = "gnu++14";
				CLANG_CXX_LIBRARY = "libc++";
				CLANG_ENABLE_MODULES = YES;
				CLANG_ENABLE_OBJC_ARC = YES;
				CLANG_ENABLE_OBJC_WEAK = YES;
				CLANG_WARN_BLOCK_CAPTURE_AUTORELEASING = YES;
				CLANG_WARN_BOOL_CONVERSION = YES;
				CLANG_WARN_COMMA = YES;
				CLANG_WARN_CONSTANT_CONVERSION = YES;
				CLANG_WARN_DEPRECATED_OBJC_IMPLEMENTATIONS = YES;
				CLANG_WARN_DIRECT_OBJC_ISA_USAGE = YES_ERROR;
				CLANG_WARN_DOCUMENTATION_COMMENTS = YES;
				CLANG_WARN_EMPTY_BODY = YES;
				CLANG_WARN_ENUM_CONVERSION = YES;
				CLANG_WARN_INFINITE_RECURSION = YES;
				CLANG_WARN_INT_CONVERSION = YES;
				CLANG_WARN_NON_LITERAL_NULL_CONVERSION = YES;
				CLANG_WARN_OBJC_IMPLICIT_RETAIN_SELF = YES;
				CLANG_WARN_OBJC_LITERAL_CONVERSION = YES;
				CLANG_WARN_OBJC_ROOT_CLASS = YES_ERROR;
				CLANG_WARN_QUOTED_INCLUDE_IN_FRAMEWORK_HEADER = YES;
				CLANG_WARN_RANGE_LOOP_ANALYSIS = YES;
				CLANG_WARN_STRICT_PROTOTYPES = YES;
				CLANG_WARN_SUSPICIOUS_MOVE = YES;
				CLANG_WARN_UNGUARDED_AVAILABILITY = YES_AGGRESSIVE;
				CLANG_WARN_UNREACHABLE_CODE = YES;
				CLANG_WARN__DUPLICATE_METHOD_MATCH = YES;
				COPY_PHASE_STRIP = NO;
				DEBUG_INFORMATION_FORMAT = dwarf;
				ENABLE_STRICT_OBJC_MSGSEND = YES;
				ENABLE_TESTABILITY = YES;
				GCC_C_LANGUAGE_STANDARD = gnu11;
				GCC_DYNAMIC_NO_PIC = NO;
				GCC_NO_COMMON_BLOCKS = YES;
				GCC_OPTIMIZATION_LEVEL = 0;
				GCC_PREPROCESSOR_DEFINITIONS = (
					"DEBUG=1",
					"$(inherited)",
				);
				GCC_WARN_64_TO_32_BIT_CONVERSION = YES;
				GCC_WARN_ABOUT_RETURN_TYPE = YES_ERROR;
				GCC_WARN_UNDECLARED_SELECTOR = YES;
				GCC_WARN_UNINITIALIZED_AUTOS = YES_AGGRESSIVE;
				GCC_WARN_UNUSED_FUNCTION = YES;
				GCC_WARN_UNUSED_VARIABLE = YES;
				MTL_ENABLE_DEBUG_INFO = INCLUDE_SOURCE;
				MTL_FAST_MATH = YES;
				ONLY_ACTIVE_ARCH = YES;
				SWIFT_ACTIVE_COMPILATION_CONDITIONS = DEBUG;
				SWIFT_OPTIMIZATION_LEVEL = "-Onone";
			};
			name = Debug;
		};
		E04E600E24A2991400090C71 /* Release */ = {
			isa = XCBuildConfiguration;
			buildSettings = {
				ALWAYS_SEARCH_USER_PATHS = NO;
				CLANG_ANALYZER_NONNULL = YES;
				CLANG_ANALYZER_NUMBER_OBJECT_CONVERSION = YES_AGGRESSIVE;
				CLANG_CXX_LANGUAGE_STANDARD = "gnu++14";
				CLANG_CXX_LIBRARY = "libc++";
				CLANG_ENABLE_MODULES = YES;
				CLANG_ENABLE_OBJC_ARC = YES;
				CLANG_ENABLE_OBJC_WEAK = YES;
				CLANG_WARN_BLOCK_CAPTURE_AUTORELEASING = YES;
				CLANG_WARN_BOOL_CONVERSION = YES;
				CLANG_WARN_COMMA = YES;
				CLANG_WARN_CONSTANT_CONVERSION = YES;
				CLANG_WARN_DEPRECATED_OBJC_IMPLEMENTATIONS = YES;
				CLANG_WARN_DIRECT_OBJC_ISA_USAGE = YES_ERROR;
				CLANG_WARN_DOCUMENTATION_COMMENTS = YES;
				CLANG_WARN_EMPTY_BODY = YES;
				CLANG_WARN_ENUM_CONVERSION = YES;
				CLANG_WARN_INFINITE_RECURSION = YES;
				CLANG_WARN_INT_CONVERSION = YES;
				CLANG_WARN_NON_LITERAL_NULL_CONVERSION = YES;
				CLANG_WARN_OBJC_IMPLICIT_RETAIN_SELF = YES;
				CLANG_WARN_OBJC_LITERAL_CONVERSION = YES;
				CLANG_WARN_OBJC_ROOT_CLASS = YES_ERROR;
				CLANG_WARN_QUOTED_INCLUDE_IN_FRAMEWORK_HEADER = YES;
				CLANG_WARN_RANGE_LOOP_ANALYSIS = YES;
				CLANG_WARN_STRICT_PROTOTYPES = YES;
				CLANG_WARN_SUSPICIOUS_MOVE = YES;
				CLANG_WARN_UNGUARDED_AVAILABILITY = YES_AGGRESSIVE;
				CLANG_WARN_UNREACHABLE_CODE = YES;
				CLANG_WARN__DUPLICATE_METHOD_MATCH = YES;
				COPY_PHASE_STRIP = NO;
				DEBUG_INFORMATION_FORMAT = "dwarf-with-dsym";
				ENABLE_NS_ASSERTIONS = NO;
				ENABLE_STRICT_OBJC_MSGSEND = YES;
				GCC_C_LANGUAGE_STANDARD = gnu11;
				GCC_NO_COMMON_BLOCKS = YES;
				GCC_WARN_64_TO_32_BIT_CONVERSION = YES;
				GCC_WARN_ABOUT_RETURN_TYPE = YES_ERROR;
				GCC_WARN_UNDECLARED_SELECTOR = YES;
				GCC_WARN_UNINITIALIZED_AUTOS = YES_AGGRESSIVE;
				GCC_WARN_UNUSED_FUNCTION = YES;
				GCC_WARN_UNUSED_VARIABLE = YES;
				MTL_ENABLE_DEBUG_INFO = NO;
				MTL_FAST_MATH = YES;
				SWIFT_COMPILATION_MODE = wholemodule;
				SWIFT_OPTIMIZATION_LEVEL = "-O";
			};
			name = Release;
		};
		E04E601024A2991400090C71 /* Debug */ = {
			isa = XCBuildConfiguration;
			buildSettings = {
				ALWAYS_EMBED_SWIFT_STANDARD_LIBRARIES = YES;
				ASSETCATALOG_COMPILER_APPICON_NAME = AppIcon;
				ASSETCATALOG_COMPILER_GLOBAL_ACCENT_COLOR_NAME = AccentColor;
				CODE_SIGN_STYLE = Automatic;
				DEVELOPMENT_TEAM = 868VXD8ABM;
				ENABLE_PREVIEWS = YES;
				INFOPLIST_FILE = iOS/Info.plist;
				IPHONEOS_DEPLOYMENT_TARGET = 14.0;
				LD_RUNPATH_SEARCH_PATHS = (
					"$(inherited)",
					"@executable_path/Frameworks",
				);
				PRODUCT_BUNDLE_IDENTIFIER = "name.aylesworth.tom.Task-Tracker";
				PRODUCT_NAME = "Task Tracker";
				SDKROOT = iphoneos;
				SWIFT_VERSION = 5.0;
				TARGETED_DEVICE_FAMILY = "1,2";
			};
			name = Debug;
		};
		E04E601124A2991400090C71 /* Release */ = {
			isa = XCBuildConfiguration;
			buildSettings = {
				ALWAYS_EMBED_SWIFT_STANDARD_LIBRARIES = YES;
				ASSETCATALOG_COMPILER_APPICON_NAME = AppIcon;
				ASSETCATALOG_COMPILER_GLOBAL_ACCENT_COLOR_NAME = AccentColor;
				CODE_SIGN_STYLE = Automatic;
				DEVELOPMENT_TEAM = 868VXD8ABM;
				ENABLE_PREVIEWS = YES;
				INFOPLIST_FILE = iOS/Info.plist;
				IPHONEOS_DEPLOYMENT_TARGET = 14.0;
				LD_RUNPATH_SEARCH_PATHS = (
					"$(inherited)",
					"@executable_path/Frameworks",
				);
				PRODUCT_BUNDLE_IDENTIFIER = "name.aylesworth.tom.Task-Tracker";
				PRODUCT_NAME = "Task Tracker";
				SDKROOT = iphoneos;
				SWIFT_VERSION = 5.0;
				TARGETED_DEVICE_FAMILY = "1,2";
				VALIDATE_PRODUCT = YES;
			};
			name = Release;
		};
		E04E601324A2991400090C71 /* Debug */ = {
			isa = XCBuildConfiguration;
			buildSettings = {
				ASSETCATALOG_COMPILER_APPICON_NAME = AppIcon;
				ASSETCATALOG_COMPILER_GLOBAL_ACCENT_COLOR_NAME = AccentColor;
				CODE_SIGN_ENTITLEMENTS = macOS/macOS.entitlements;
				CODE_SIGN_STYLE = Automatic;
				COMBINE_HIDPI_IMAGES = YES;
				DEVELOPMENT_TEAM = 868VXD8ABM;
				ENABLE_HARDENED_RUNTIME = YES;
				ENABLE_PREVIEWS = YES;
				INFOPLIST_FILE = macOS/Info.plist;
				LD_RUNPATH_SEARCH_PATHS = (
					"$(inherited)",
					"@executable_path/../Frameworks",
				);
				MACOSX_DEPLOYMENT_TARGET = 10.16;
				PRODUCT_BUNDLE_IDENTIFIER = "name.aylesworth.tom.Task-Tracker";
				PRODUCT_NAME = "Task Tracker";
				SDKROOT = macosx;
				SWIFT_VERSION = 5.0;
			};
			name = Debug;
		};
		E04E601424A2991400090C71 /* Release */ = {
			isa = XCBuildConfiguration;
			buildSettings = {
				ASSETCATALOG_COMPILER_APPICON_NAME = AppIcon;
				ASSETCATALOG_COMPILER_GLOBAL_ACCENT_COLOR_NAME = AccentColor;
				CODE_SIGN_ENTITLEMENTS = macOS/macOS.entitlements;
				CODE_SIGN_STYLE = Automatic;
				COMBINE_HIDPI_IMAGES = YES;
				DEVELOPMENT_TEAM = 868VXD8ABM;
				ENABLE_HARDENED_RUNTIME = YES;
				ENABLE_PREVIEWS = YES;
				INFOPLIST_FILE = macOS/Info.plist;
				LD_RUNPATH_SEARCH_PATHS = (
					"$(inherited)",
					"@executable_path/../Frameworks",
				);
				MACOSX_DEPLOYMENT_TARGET = 10.16;
				PRODUCT_BUNDLE_IDENTIFIER = "name.aylesworth.tom.Task-Tracker";
				PRODUCT_NAME = "Task Tracker";
				SDKROOT = macosx;
				SWIFT_VERSION = 5.0;
			};
			name = Release;
		};
		E04E601624A2991400090C71 /* Debug */ = {
			isa = XCBuildConfiguration;
			buildSettings = {
				ALWAYS_EMBED_SWIFT_STANDARD_LIBRARIES = YES;
				CODE_SIGN_STYLE = Automatic;
				DEVELOPMENT_TEAM = 868VXD8ABM;
				INFOPLIST_FILE = "Tests iOS/Info.plist";
				IPHONEOS_DEPLOYMENT_TARGET = 14.0;
				LD_RUNPATH_SEARCH_PATHS = (
					"$(inherited)",
					"@executable_path/Frameworks",
					"@loader_path/Frameworks",
				);
				PRODUCT_BUNDLE_IDENTIFIER = "name.aylesworth.tom.Tests-iOS";
				PRODUCT_NAME = "$(TARGET_NAME)";
				SDKROOT = iphoneos;
				SWIFT_VERSION = 5.0;
				TARGETED_DEVICE_FAMILY = "1,2";
				TEST_TARGET_NAME = iOS;
			};
			name = Debug;
		};
		E04E601724A2991400090C71 /* Release */ = {
			isa = XCBuildConfiguration;
			buildSettings = {
				ALWAYS_EMBED_SWIFT_STANDARD_LIBRARIES = YES;
				CODE_SIGN_STYLE = Automatic;
				DEVELOPMENT_TEAM = 868VXD8ABM;
				INFOPLIST_FILE = "Tests iOS/Info.plist";
				IPHONEOS_DEPLOYMENT_TARGET = 14.0;
				LD_RUNPATH_SEARCH_PATHS = (
					"$(inherited)",
					"@executable_path/Frameworks",
					"@loader_path/Frameworks",
				);
				PRODUCT_BUNDLE_IDENTIFIER = "name.aylesworth.tom.Tests-iOS";
				PRODUCT_NAME = "$(TARGET_NAME)";
				SDKROOT = iphoneos;
				SWIFT_VERSION = 5.0;
				TARGETED_DEVICE_FAMILY = "1,2";
				TEST_TARGET_NAME = iOS;
				VALIDATE_PRODUCT = YES;
			};
			name = Release;
		};
		E04E601924A2991400090C71 /* Debug */ = {
			isa = XCBuildConfiguration;
			buildSettings = {
				ALWAYS_EMBED_SWIFT_STANDARD_LIBRARIES = YES;
				CODE_SIGN_STYLE = Automatic;
				COMBINE_HIDPI_IMAGES = YES;
				DEVELOPMENT_TEAM = 868VXD8ABM;
				INFOPLIST_FILE = "Tests macOS/Info.plist";
				LD_RUNPATH_SEARCH_PATHS = (
					"$(inherited)",
					"@executable_path/../Frameworks",
					"@loader_path/../Frameworks",
				);
				MACOSX_DEPLOYMENT_TARGET = 10.15;
				PRODUCT_BUNDLE_IDENTIFIER = "name.aylesworth.tom.Tests-macOS";
				PRODUCT_NAME = "$(TARGET_NAME)";
				SDKROOT = macosx;
				SWIFT_VERSION = 5.0;
				TEST_TARGET_NAME = macOS;
			};
			name = Debug;
		};
		E04E601A24A2991400090C71 /* Release */ = {
			isa = XCBuildConfiguration;
			buildSettings = {
				ALWAYS_EMBED_SWIFT_STANDARD_LIBRARIES = YES;
				CODE_SIGN_STYLE = Automatic;
				COMBINE_HIDPI_IMAGES = YES;
				DEVELOPMENT_TEAM = 868VXD8ABM;
				INFOPLIST_FILE = "Tests macOS/Info.plist";
				LD_RUNPATH_SEARCH_PATHS = (
					"$(inherited)",
					"@executable_path/../Frameworks",
					"@loader_path/../Frameworks",
				);
				MACOSX_DEPLOYMENT_TARGET = 10.15;
				PRODUCT_BUNDLE_IDENTIFIER = "name.aylesworth.tom.Tests-macOS";
				PRODUCT_NAME = "$(TARGET_NAME)";
				SDKROOT = macosx;
				SWIFT_VERSION = 5.0;
				TEST_TARGET_NAME = macOS;
			};
			name = Release;
		};
		E06F9FF124A8C4880019CED4 /* Debug */ = {
			isa = XCBuildConfiguration;
			buildSettings = {
				ASSETCATALOG_COMPILER_GLOBAL_ACCENT_COLOR_NAME = AccentColor;
				ASSETCATALOG_COMPILER_WIDGET_BACKGROUND_COLOR_NAME = WidgetBackground;
				CODE_SIGN_STYLE = Automatic;
				DEVELOPMENT_TEAM = 868VXD8ABM;
				INFOPLIST_FILE = TaskTrackerWidget/Info.plist;
				IPHONEOS_DEPLOYMENT_TARGET = 14.0;
				LD_RUNPATH_SEARCH_PATHS = (
					"$(inherited)",
					"@executable_path/Frameworks",
					"@executable_path/../../Frameworks",
				);
				PRODUCT_BUNDLE_IDENTIFIER = "name.aylesworth.tom.Task-Tracker.TaskTrackerWidget";
				PRODUCT_NAME = "$(TARGET_NAME)";
				SDKROOT = iphoneos;
				SKIP_INSTALL = YES;
				SWIFT_VERSION = 5.0;
				TARGETED_DEVICE_FAMILY = "1,2";
			};
			name = Debug;
		};
		E06F9FF224A8C4880019CED4 /* Release */ = {
			isa = XCBuildConfiguration;
			buildSettings = {
				ASSETCATALOG_COMPILER_GLOBAL_ACCENT_COLOR_NAME = AccentColor;
				ASSETCATALOG_COMPILER_WIDGET_BACKGROUND_COLOR_NAME = WidgetBackground;
				CODE_SIGN_STYLE = Automatic;
				DEVELOPMENT_TEAM = 868VXD8ABM;
				INFOPLIST_FILE = TaskTrackerWidget/Info.plist;
				IPHONEOS_DEPLOYMENT_TARGET = 14.0;
				LD_RUNPATH_SEARCH_PATHS = (
					"$(inherited)",
					"@executable_path/Frameworks",
					"@executable_path/../../Frameworks",
				);
				PRODUCT_BUNDLE_IDENTIFIER = "name.aylesworth.tom.Task-Tracker.TaskTrackerWidget";
				PRODUCT_NAME = "$(TARGET_NAME)";
				SDKROOT = iphoneos;
				SKIP_INSTALL = YES;
				SWIFT_VERSION = 5.0;
				TARGETED_DEVICE_FAMILY = "1,2";
				VALIDATE_PRODUCT = YES;
			};
			name = Release;
		};
/* End XCBuildConfiguration section */

/* Begin XCConfigurationList section */
		E04E5FDC24A2991100090C71 /* Build configuration list for PBXProject "Task Tracker" */ = {
			isa = XCConfigurationList;
			buildConfigurations = (
				E04E600D24A2991400090C71 /* Debug */,
				E04E600E24A2991400090C71 /* Release */,
			);
			defaultConfigurationIsVisible = 0;
			defaultConfigurationName = Release;
		};
		E04E600F24A2991400090C71 /* Build configuration list for PBXNativeTarget "iOS" */ = {
			isa = XCConfigurationList;
			buildConfigurations = (
				E04E601024A2991400090C71 /* Debug */,
				E04E601124A2991400090C71 /* Release */,
			);
			defaultConfigurationIsVisible = 0;
			defaultConfigurationName = Release;
		};
		E04E601224A2991400090C71 /* Build configuration list for PBXNativeTarget "macOS" */ = {
			isa = XCConfigurationList;
			buildConfigurations = (
				E04E601324A2991400090C71 /* Debug */,
				E04E601424A2991400090C71 /* Release */,
			);
			defaultConfigurationIsVisible = 0;
			defaultConfigurationName = Release;
		};
		E04E601524A2991400090C71 /* Build configuration list for PBXNativeTarget "Tests iOS" */ = {
			isa = XCConfigurationList;
			buildConfigurations = (
				E04E601624A2991400090C71 /* Debug */,
				E04E601724A2991400090C71 /* Release */,
			);
			defaultConfigurationIsVisible = 0;
			defaultConfigurationName = Release;
		};
		E04E601824A2991400090C71 /* Build configuration list for PBXNativeTarget "Tests macOS" */ = {
			isa = XCConfigurationList;
			buildConfigurations = (
				E04E601924A2991400090C71 /* Debug */,
				E04E601A24A2991400090C71 /* Release */,
			);
			defaultConfigurationIsVisible = 0;
			defaultConfigurationName = Release;
		};
		E06F9FF024A8C4880019CED4 /* Build configuration list for PBXNativeTarget "TaskTrackerWidgetExtension" */ = {
			isa = XCConfigurationList;
			buildConfigurations = (
				E06F9FF124A8C4880019CED4 /* Debug */,
				E06F9FF224A8C4880019CED4 /* Release */,
			);
			defaultConfigurationIsVisible = 0;
			defaultConfigurationName = Release;
		};
/* End XCConfigurationList section */
	};
	rootObject = E04E5FD924A2991100090C71 /* Project object */;
}
